// !$*UTF8*$!
{
	archiveVersion = 1;
	classes = {
	};
	objectVersion = 46;
	objects = {

/* Begin PBXBuildFile section */
		C1F24AB31B02FC9A001BF5E9 /* main.m in Sources */ = {isa = PBXBuildFile; fileRef = C1F24AB21B02FC9A001BF5E9 /* main.m */; };
		C1F24AB61B02FC9A001BF5E9 /* AppDelegate.m in Sources */ = {isa = PBXBuildFile; fileRef = C1F24AB51B02FC9A001BF5E9 /* AppDelegate.m */; };
		C1F24AB91B02FC9A001BF5E9 /* ViewController.m in Sources */ = {isa = PBXBuildFile; fileRef = C1F24AB81B02FC9A001BF5E9 /* ViewController.m */; };
		C1F24ABC1B02FC9A001BF5E9 /* Main.storyboard in Resources */ = {isa = PBXBuildFile; fileRef = C1F24ABA1B02FC9A001BF5E9 /* Main.storyboard */; };
		C1F24ABE1B02FC9A001BF5E9 /* Images.xcassets in Resources */ = {isa = PBXBuildFile; fileRef = C1F24ABD1B02FC9A001BF5E9 /* Images.xcassets */; };
		C1F24AC11B02FC9A001BF5E9 /* LaunchScreen.xib in Resources */ = {isa = PBXBuildFile; fileRef = C1F24ABF1B02FC9A001BF5E9 /* LaunchScreen.xib */; };
		C1F24ACD1B02FC9B001BF5E9 /* NimbusPagingScrollViewTests.m in Sources */ = {isa = PBXBuildFile; fileRef = C1F24ACC1B02FC9B001BF5E9 /* NimbusPagingScrollViewTests.m */; };
		C1F24ADD1B02FCF8001BF5E9 /* NIPagingScrollView.m in Sources */ = {isa = PBXBuildFile; fileRef = C1F24AD91B02FCF8001BF5E9 /* NIPagingScrollView.m */; };
		C1F24ADE1B02FCF8001BF5E9 /* NIPagingScrollViewPage.m in Sources */ = {isa = PBXBuildFile; fileRef = C1F24ADC1B02FCF8001BF5E9 /* NIPagingScrollViewPage.m */; };
		C1F24AE11B02FD55001BF5E9 /* NIViewRecycler.m in Sources */ = {isa = PBXBuildFile; fileRef = C1F24AE01B02FD55001BF5E9 /* NIViewRecycler.m */; };
		C1F24AE41B02FDD6001BF5E9 /* NIFoundationMethods.m in Sources */ = {isa = PBXBuildFile; fileRef = C1F24AE31B02FDD6001BF5E9 /* NIFoundationMethods.m */; };
		C1F24AE81B02FE6D001BF5E9 /* NIDebuggingTools.m in Sources */ = {isa = PBXBuildFile; fileRef = C1F24AE71B02FE6D001BF5E9 /* NIDebuggingTools.m */; };
/* End PBXBuildFile section */

/* Begin PBXContainerItemProxy section */
		C1F24AC71B02FC9B001BF5E9 /* PBXContainerItemProxy */ = {
			isa = PBXContainerItemProxy;
			containerPortal = C1F24AA51B02FC9A001BF5E9 /* Project object */;
			proxyType = 1;
			remoteGlobalIDString = C1F24AAC1B02FC9A001BF5E9;
			remoteInfo = NimbusPagingScrollView;
		};
/* End PBXContainerItemProxy section */

/* Begin PBXFileReference section */
		C1F24AAD1B02FC9A001BF5E9 /* NimbusPagingScrollView.app */ = {isa = PBXFileReference; explicitFileType = wrapper.application; includeInIndex = 0; path = NimbusPagingScrollView.app; sourceTree = BUILT_PRODUCTS_DIR; };
		C1F24AB11B02FC9A001BF5E9 /* Info.plist */ = {isa = PBXFileReference; lastKnownFileType = text.plist.xml; path = Info.plist; sourceTree = "<group>"; };
		C1F24AB21B02FC9A001BF5E9 /* main.m */ = {isa = PBXFileReference; lastKnownFileType = sourcecode.c.objc; path = main.m; sourceTree = "<group>"; };
		C1F24AB41B02FC9A001BF5E9 /* AppDelegate.h */ = {isa = PBXFileReference; lastKnownFileType = sourcecode.c.h; path = AppDelegate.h; sourceTree = "<group>"; };
		C1F24AB51B02FC9A001BF5E9 /* AppDelegate.m */ = {isa = PBXFileReference; lastKnownFileType = sourcecode.c.objc; path = AppDelegate.m; sourceTree = "<group>"; };
		C1F24AB71B02FC9A001BF5E9 /* ViewController.h */ = {isa = PBXFileReference; lastKnownFileType = sourcecode.c.h; path = ViewController.h; sourceTree = "<group>"; };
		C1F24AB81B02FC9A001BF5E9 /* ViewController.m */ = {isa = PBXFileReference; lastKnownFileType = sourcecode.c.objc; path = ViewController.m; sourceTree = "<group>"; };
		C1F24ABB1B02FC9A001BF5E9 /* Base */ = {isa = PBXFileReference; lastKnownFileType = file.storyboard; name = Base; path = Base.lproj/Main.storyboard; sourceTree = "<group>"; };
		C1F24ABD1B02FC9A001BF5E9 /* Images.xcassets */ = {isa = PBXFileReference; lastKnownFileType = folder.assetcatalog; path = Images.xcassets; sourceTree = "<group>"; };
		C1F24AC01B02FC9A001BF5E9 /* Base */ = {isa = PBXFileReference; lastKnownFileType = file.xib; name = Base; path = Base.lproj/LaunchScreen.xib; sourceTree = "<group>"; };
		C1F24AC61B02FC9B001BF5E9 /* NimbusPagingScrollViewTests.xctest */ = {isa = PBXFileReference; explicitFileType = wrapper.cfbundle; includeInIndex = 0; path = NimbusPagingScrollViewTests.xctest; sourceTree = BUILT_PRODUCTS_DIR; };
		C1F24ACB1B02FC9B001BF5E9 /* Info.plist */ = {isa = PBXFileReference; lastKnownFileType = text.plist.xml; path = Info.plist; sourceTree = "<group>"; };
		C1F24ACC1B02FC9B001BF5E9 /* NimbusPagingScrollViewTests.m */ = {isa = PBXFileReference; lastKnownFileType = sourcecode.c.objc; path = NimbusPagingScrollViewTests.m; sourceTree = "<group>"; };
		C1F24AD71B02FCF8001BF5E9 /* NimbusPagingScrollView.h */ = {isa = PBXFileReference; fileEncoding = 4; lastKnownFileType = sourcecode.c.h; path = NimbusPagingScrollView.h; sourceTree = "<group>"; };
		C1F24AD81B02FCF8001BF5E9 /* NIPagingScrollView.h */ = {isa = PBXFileReference; fileEncoding = 4; lastKnownFileType = sourcecode.c.h; path = NIPagingScrollView.h; sourceTree = "<group>"; };
		C1F24AD91B02FCF8001BF5E9 /* NIPagingScrollView.m */ = {isa = PBXFileReference; fileEncoding = 4; lastKnownFileType = sourcecode.c.objc; path = NIPagingScrollView.m; sourceTree = "<group>"; };
		C1F24ADA1B02FCF8001BF5E9 /* NIPagingScrollView+Subclassing.h */ = {isa = PBXFileReference; fileEncoding = 4; lastKnownFileType = sourcecode.c.h; path = "NIPagingScrollView+Subclassing.h"; sourceTree = "<group>"; };
		C1F24ADB1B02FCF8001BF5E9 /* NIPagingScrollViewPage.h */ = {isa = PBXFileReference; fileEncoding = 4; lastKnownFileType = sourcecode.c.h; path = NIPagingScrollViewPage.h; sourceTree = "<group>"; };
		C1F24ADC1B02FCF8001BF5E9 /* NIPagingScrollViewPage.m */ = {isa = PBXFileReference; fileEncoding = 4; lastKnownFileType = sourcecode.c.objc; path = NIPagingScrollViewPage.m; sourceTree = "<group>"; };
		C1F24ADF1B02FD55001BF5E9 /* NIViewRecycler.h */ = {isa = PBXFileReference; fileEncoding = 4; lastKnownFileType = sourcecode.c.h; path = NIViewRecycler.h; sourceTree = "<group>"; };
		C1F24AE01B02FD55001BF5E9 /* NIViewRecycler.m */ = {isa = PBXFileReference; fileEncoding = 4; lastKnownFileType = sourcecode.c.objc; path = NIViewRecycler.m; sourceTree = "<group>"; };
		C1F24AE21B02FDD6001BF5E9 /* NIFoundationMethods.h */ = {isa = PBXFileReference; fileEncoding = 4; lastKnownFileType = sourcecode.c.h; path = NIFoundationMethods.h; sourceTree = "<group>"; };
		C1F24AE31B02FDD6001BF5E9 /* NIFoundationMethods.m */ = {isa = PBXFileReference; fileEncoding = 4; lastKnownFileType = sourcecode.c.objc; path = NIFoundationMethods.m; sourceTree = "<group>"; };
		C1F24AE51B02FE1A001BF5E9 /* NIPreprocessorMacros.h */ = {isa = PBXFileReference; lastKnownFileType = sourcecode.c.h; path = NIPreprocessorMacros.h; sourceTree = "<group>"; };
		C1F24AE61B02FE6D001BF5E9 /* NIDebuggingTools.h */ = {isa = PBXFileReference; fileEncoding = 4; lastKnownFileType = sourcecode.c.h; path = NIDebuggingTools.h; sourceTree = "<group>"; };
		C1F24AE71B02FE6D001BF5E9 /* NIDebuggingTools.m */ = {isa = PBXFileReference; fileEncoding = 4; lastKnownFileType = sourcecode.c.objc; path = NIDebuggingTools.m; sourceTree = "<group>"; };
/* End PBXFileReference section */

/* Begin PBXFrameworksBuildPhase section */
		C1F24AAA1B02FC9A001BF5E9 /* Frameworks */ = {
			isa = PBXFrameworksBuildPhase;
			buildActionMask = 2147483647;
			files = (
			);
			runOnlyForDeploymentPostprocessing = 0;
		};
		C1F24AC31B02FC9B001BF5E9 /* Frameworks */ = {
			isa = PBXFrameworksBuildPhase;
			buildActionMask = 2147483647;
			files = (
			);
			runOnlyForDeploymentPostprocessing = 0;
		};
/* End PBXFrameworksBuildPhase section */

/* Begin PBXGroup section */
		C1F24AA41B02FC9A001BF5E9 = {
			isa = PBXGroup;
			children = (
				C1F24AAF1B02FC9A001BF5E9 /* NimbusPagingScrollView */,
				C1F24AC91B02FC9B001BF5E9 /* NimbusPagingScrollViewTests */,
				C1F24AAE1B02FC9A001BF5E9 /* Products */,
			);
			sourceTree = "<group>";
		};
		C1F24AAE1B02FC9A001BF5E9 /* Products */ = {
			isa = PBXGroup;
			children = (
				C1F24AAD1B02FC9A001BF5E9 /* NimbusPagingScrollView.app */,
				C1F24AC61B02FC9B001BF5E9 /* NimbusPagingScrollViewTests.xctest */,
			);
			name = Products;
			sourceTree = "<group>";
		};
		C1F24AAF1B02FC9A001BF5E9 /* NimbusPagingScrollView */ = {
			isa = PBXGroup;
			children = (
				C1F24AD61B02FCD9001BF5E9 /* Classes */,
				C1F24AB41B02FC9A001BF5E9 /* AppDelegate.h */,
				C1F24AB51B02FC9A001BF5E9 /* AppDelegate.m */,
				C1F24AB71B02FC9A001BF5E9 /* ViewController.h */,
				C1F24AB81B02FC9A001BF5E9 /* ViewController.m */,
				C1F24ABA1B02FC9A001BF5E9 /* Main.storyboard */,
				C1F24ABD1B02FC9A001BF5E9 /* Images.xcassets */,
				C1F24ABF1B02FC9A001BF5E9 /* LaunchScreen.xib */,
				C1F24AB01B02FC9A001BF5E9 /* Supporting Files */,
			);
			path = NimbusPagingScrollView;
			sourceTree = "<group>";
		};
		C1F24AB01B02FC9A001BF5E9 /* Supporting Files */ = {
			isa = PBXGroup;
			children = (
				C1F24AB11B02FC9A001BF5E9 /* Info.plist */,
				C1F24AB21B02FC9A001BF5E9 /* main.m */,
			);
			name = "Supporting Files";
			sourceTree = "<group>";
		};
		C1F24AC91B02FC9B001BF5E9 /* NimbusPagingScrollViewTests */ = {
			isa = PBXGroup;
			children = (
				C1F24ACC1B02FC9B001BF5E9 /* NimbusPagingScrollViewTests.m */,
				C1F24ACA1B02FC9B001BF5E9 /* Supporting Files */,
			);
			path = NimbusPagingScrollViewTests;
			sourceTree = "<group>";
		};
		C1F24ACA1B02FC9B001BF5E9 /* Supporting Files */ = {
			isa = PBXGroup;
			children = (
				C1F24ACB1B02FC9B001BF5E9 /* Info.plist */,
			);
			name = "Supporting Files";
			sourceTree = "<group>";
		};
		C1F24AD61B02FCD9001BF5E9 /* Classes */ = {
			isa = PBXGroup;
			children = (
				C1F24AE61B02FE6D001BF5E9 /* NIDebuggingTools.h */,
				C1F24AE71B02FE6D001BF5E9 /* NIDebuggingTools.m */,
				C1F24AE51B02FE1A001BF5E9 /* NIPreprocessorMacros.h */,
				C1F24AE21B02FDD6001BF5E9 /* NIFoundationMethods.h */,
				C1F24AE31B02FDD6001BF5E9 /* NIFoundationMethods.m */,
				C1F24ADF1B02FD55001BF5E9 /* NIViewRecycler.h */,
				C1F24AE01B02FD55001BF5E9 /* NIViewRecycler.m */,
				C1F24AD71B02FCF8001BF5E9 /* NimbusPagingScrollView.h */,
				C1F24AD81B02FCF8001BF5E9 /* NIPagingScrollView.h */,
				C1F24AD91B02FCF8001BF5E9 /* NIPagingScrollView.m */,
				C1F24ADA1B02FCF8001BF5E9 /* NIPagingScrollView+Subclassing.h */,
				C1F24ADB1B02FCF8001BF5E9 /* NIPagingScrollViewPage.h */,
				C1F24ADC1B02FCF8001BF5E9 /* NIPagingScrollViewPage.m */,
			);
			path = Classes;
			sourceTree = "<group>";
		};
/* End PBXGroup section */

/* Begin PBXNativeTarget section */
		C1F24AAC1B02FC9A001BF5E9 /* NimbusPagingScrollView */ = {
			isa = PBXNativeTarget;
			buildConfigurationList = C1F24AD01B02FC9B001BF5E9 /* Build configuration list for PBXNativeTarget "NimbusPagingScrollView" */;
			buildPhases = (
				C1F24AA91B02FC9A001BF5E9 /* Sources */,
				C1F24AAA1B02FC9A001BF5E9 /* Frameworks */,
				C1F24AAB1B02FC9A001BF5E9 /* Resources */,
			);
			buildRules = (
			);
			dependencies = (
			);
			name = NimbusPagingScrollView;
			productName = NimbusPagingScrollView;
			productReference = C1F24AAD1B02FC9A001BF5E9 /* NimbusPagingScrollView.app */;
			productType = "com.apple.product-type.application";
		};
		C1F24AC51B02FC9B001BF5E9 /* NimbusPagingScrollViewTests */ = {
			isa = PBXNativeTarget;
			buildConfigurationList = C1F24AD31B02FC9B001BF5E9 /* Build configuration list for PBXNativeTarget "NimbusPagingScrollViewTests" */;
			buildPhases = (
				C1F24AC21B02FC9B001BF5E9 /* Sources */,
				C1F24AC31B02FC9B001BF5E9 /* Frameworks */,
				C1F24AC41B02FC9B001BF5E9 /* Resources */,
			);
			buildRules = (
			);
			dependencies = (
				C1F24AC81B02FC9B001BF5E9 /* PBXTargetDependency */,
			);
			name = NimbusPagingScrollViewTests;
			productName = NimbusPagingScrollViewTests;
			productReference = C1F24AC61B02FC9B001BF5E9 /* NimbusPagingScrollViewTests.xctest */;
			productType = "com.apple.product-type.bundle.unit-test";
		};
/* End PBXNativeTarget section */

/* Begin PBXProject section */
		C1F24AA51B02FC9A001BF5E9 /* Project object */ = {
			isa = PBXProject;
			attributes = {
				LastUpgradeCheck = 0630;
				ORGANIZATIONNAME = Black.Lee;
				TargetAttributes = {
					C1F24AAC1B02FC9A001BF5E9 = {
						CreatedOnToolsVersion = 6.3;
					};
					C1F24AC51B02FC9B001BF5E9 = {
						CreatedOnToolsVersion = 6.3;
						TestTargetID = C1F24AAC1B02FC9A001BF5E9;
					};
				};
			};
			buildConfigurationList = C1F24AA81B02FC9A001BF5E9 /* Build configuration list for PBXProject "NimbusPagingScrollView" */;
			compatibilityVersion = "Xcode 3.2";
			developmentRegion = English;
			hasScannedForEncodings = 0;
			knownRegions = (
				en,
				Base,
			);
			mainGroup = C1F24AA41B02FC9A001BF5E9;
			productRefGroup = C1F24AAE1B02FC9A001BF5E9 /* Products */;
			projectDirPath = "";
			projectRoot = "";
			targets = (
				C1F24AAC1B02FC9A001BF5E9 /* NimbusPagingScrollView */,
				C1F24AC51B02FC9B001BF5E9 /* NimbusPagingScrollViewTests */,
			);
		};
/* End PBXProject section */

/* Begin PBXResourcesBuildPhase section */
		C1F24AAB1B02FC9A001BF5E9 /* Resources */ = {
			isa = PBXResourcesBuildPhase;
			buildActionMask = 2147483647;
			files = (
				C1F24ABC1B02FC9A001BF5E9 /* Main.storyboard in Resources */,
				C1F24AC11B02FC9A001BF5E9 /* LaunchScreen.xib in Resources */,
				C1F24ABE1B02FC9A001BF5E9 /* Images.xcassets in Resources */,
			);
			runOnlyForDeploymentPostprocessing = 0;
		};
		C1F24AC41B02FC9B001BF5E9 /* Resources */ = {
			isa = PBXResourcesBuildPhase;
			buildActionMask = 2147483647;
			files = (
			);
			runOnlyForDeploymentPostprocessing = 0;
		};
/* End PBXResourcesBuildPhase section */

/* Begin PBXSourcesBuildPhase section */
		C1F24AA91B02FC9A001BF5E9 /* Sources */ = {
			isa = PBXSourcesBuildPhase;
			buildActionMask = 2147483647;
			files = (
				C1F24AB91B02FC9A001BF5E9 /* ViewController.m in Sources */,
				C1F24AE81B02FE6D001BF5E9 /* NIDebuggingTools.m in Sources */,
				C1F24AE41B02FDD6001BF5E9 /* NIFoundationMethods.m in Sources */,
				C1F24ADE1B02FCF8001BF5E9 /* NIPagingScrollViewPage.m in Sources */,
				C1F24AE11B02FD55001BF5E9 /* NIViewRecycler.m in Sources */,
				C1F24AB61B02FC9A001BF5E9 /* AppDelegate.m in Sources */,
				C1F24ADD1B02FCF8001BF5E9 /* NIPagingScrollView.m in Sources */,
				C1F24AB31B02FC9A001BF5E9 /* main.m in Sources */,
			);
			runOnlyForDeploymentPostprocessing = 0;
		};
		C1F24AC21B02FC9B001BF5E9 /* Sources */ = {
			isa = PBXSourcesBuildPhase;
			buildActionMask = 2147483647;
			files = (
				C1F24ACD1B02FC9B001BF5E9 /* NimbusPagingScrollViewTests.m in Sources */,
			);
			runOnlyForDeploymentPostprocessing = 0;
		};
/* End PBXSourcesBuildPhase section */

/* Begin PBXTargetDependency section */
		C1F24AC81B02FC9B001BF5E9 /* PBXTargetDependency */ = {
			isa = PBXTargetDependency;
			target = C1F24AAC1B02FC9A001BF5E9 /* NimbusPagingScrollView */;
			targetProxy = C1F24AC71B02FC9B001BF5E9 /* PBXContainerItemProxy */;
		};
/* End PBXTargetDependency section */

/* Begin PBXVariantGroup section */
		C1F24ABA1B02FC9A001BF5E9 /* Main.storyboard */ = {
			isa = PBXVariantGroup;
			children = (
				C1F24ABB1B02FC9A001BF5E9 /* Base */,
			);
			name = Main.storyboard;
			sourceTree = "<group>";
		};
		C1F24ABF1B02FC9A001BF5E9 /* LaunchScreen.xib */ = {
			isa = PBXVariantGroup;
			children = (
				C1F24AC01B02FC9A001BF5E9 /* Base */,
			);
			name = LaunchScreen.xib;
			sourceTree = "<group>";
		};
/* End PBXVariantGroup section */

/* Begin XCBuildConfiguration section */
		C1F24ACE1B02FC9B001BF5E9 /* Debug */ = {
			isa = XCBuildConfiguration;
			buildSettings = {
				ALWAYS_SEARCH_USER_PATHS = NO;
				CLANG_CXX_LANGUAGE_STANDARD = "gnu++0x";
				CLANG_CXX_LIBRARY = "libc++";
				CLANG_ENABLE_MODULES = YES;
				CLANG_ENABLE_OBJC_ARC = YES;
				CLANG_WARN_BOOL_CONVERSION = YES;
				CLANG_WARN_CONSTANT_CONVERSION = YES;
				CLANG_WARN_DIRECT_OBJC_ISA_USAGE = YES_ERROR;
				CLANG_WARN_EMPTY_BODY = YES;
				CLANG_WARN_ENUM_CONVERSION = YES;
				CLANG_WARN_INT_CONVERSION = YES;
				CLANG_WARN_OBJC_ROOT_CLASS = YES_ERROR;
				CLANG_WARN_UNREACHABLE_CODE = YES;
				CLANG_WARN__DUPLICATE_METHOD_MATCH = YES;
				"CODE_SIGN_IDENTITY[sdk=iphoneos*]" = "iPhone Developer";
				COPY_PHASE_STRIP = NO;
				DEBUG_INFORMATION_FORMAT = "dwarf-with-dsym";
				ENABLE_STRICT_OBJC_MSGSEND = YES;
				GCC_C_LANGUAGE_STANDARD = gnu99;
				GCC_DYNAMIC_NO_PIC = NO;
				GCC_NO_COMMON_BLOCKS = YES;
				GCC_OPTIMIZATION_LEVEL = 0;
				GCC_PREPROCESSOR_DEFINITIONS = (
					"DEBUG=1",
					"$(inherited)",
				);
				GCC_SYMBOLS_PRIVATE_EXTERN = NO;
				GCC_WARN_64_TO_32_BIT_CONVERSION = YES;
				GCC_WARN_ABOUT_RETURN_TYPE = YES_ERROR;
				GCC_WARN_UNDECLARED_SELECTOR = YES;
				GCC_WARN_UNINITIALIZED_AUTOS = YES_AGGRESSIVE;
				GCC_WARN_UNUSED_FUNCTION = YES;
				GCC_WARN_UNUSED_VARIABLE = YES;
				IPHONEOS_DEPLOYMENT_TARGET = 8.3;
				MTL_ENABLE_DEBUG_INFO = YES;
				ONLY_ACTIVE_ARCH = YES;
				SDKROOT = iphoneos;
			};
			name = Debug;
		};
		C1F24ACF1B02FC9B001BF5E9 /* Release */ = {
			isa = XCBuildConfiguration;
			buildSettings = {
				ALWAYS_SEARCH_USER_PATHS = NO;
				CLANG_CXX_LANGUAGE_STANDARD = "gnu++0x";
				CLANG_CXX_LIBRARY = "libc++";
				CLANG_ENABLE_MODULES = YES;
				CLANG_ENABLE_OBJC_ARC = YES;
				CLANG_WARN_BOOL_CONVERSION = YES;
				CLANG_WARN_CONSTANT_CONVERSION = YES;
				CLANG_WARN_DIRECT_OBJC_ISA_USAGE = YES_ERROR;
				CLANG_WARN_EMPTY_BODY = YES;
				CLANG_WARN_ENUM_CONVERSION = YES;
				CLANG_WARN_INT_CONVERSION = YES;
				CLANG_WARN_OBJC_ROOT_CLASS = YES_ERROR;
				CLANG_WARN_UNREACHABLE_CODE = YES;
				CLANG_WARN__DUPLICATE_METHOD_MATCH = YES;
				"CODE_SIGN_IDENTITY[sdk=iphoneos*]" = "iPhone Developer";
				COPY_PHASE_STRIP = NO;
				DEBUG_INFORMATION_FORMAT = "dwarf-with-dsym";
				ENABLE_NS_ASSERTIONS = NO;
				ENABLE_STRICT_OBJC_MSGSEND = YES;
				GCC_C_LANGUAGE_STANDARD = gnu99;
				GCC_NO_COMMON_BLOCKS = YES;
				GCC_WARN_64_TO_32_BIT_CONVERSION = YES;
				GCC_WARN_ABOUT_RETURN_TYPE = YES_ERROR;
				GCC_WARN_UNDECLARED_SELECTOR = YES;
				GCC_WARN_UNINITIALIZED_AUTOS = YES_AGGRESSIVE;
				GCC_WARN_UNUSED_FUNCTION = YES;
				GCC_WARN_UNUSED_VARIABLE = YES;
				IPHONEOS_DEPLOYMENT_TARGET = 8.3;
				MTL_ENABLE_DEBUG_INFO = NO;
				SDKROOT = iphoneos;
				VALIDATE_PRODUCT = YES;
			};
			name = Release;
		};
		C1F24AD11B02FC9B001BF5E9 /* Debug */ = {
			isa = XCBuildConfiguration;
			buildSettings = {
				ASSETCATALOG_COMPILER_APPICON_NAME = AppIcon;
				INFOPLIST_FILE = NimbusPagingScrollView/Info.plist;
				LD_RUNPATH_SEARCH_PATHS = "$(inherited) @executable_path/Frameworks";
				PRODUCT_NAME = "$(TARGET_NAME)";
			};
			name = Debug;
		};
		C1F24AD21B02FC9B001BF5E9 /* Release */ = {
			isa = XCBuildConfiguration;
			buildSettings = {
				ASSETCATALOG_COMPILER_APPICON_NAME = AppIcon;
				INFOPLIST_FILE = NimbusPagingScrollView/Info.plist;
				LD_RUNPATH_SEARCH_PATHS = "$(inherited) @executable_path/Frameworks";
				PRODUCT_NAME = "$(TARGET_NAME)";
			};
			name = Release;
		};
		C1F24AD41B02FC9B001BF5E9 /* Debug */ = {
			isa = XCBuildConfiguration;
			buildSettings = {
				BUNDLE_LOADER = "$(TEST_HOST)";
				FRAMEWORK_SEARCH_PATHS = (
					"$(SDKROOT)/Developer/Library/Frameworks",
					"$(inherited)",
				);
				GCC_PREPROCESSOR_DEFINITIONS = (
					"DEBUG=1",
					"$(inherited)",
				);
				INFOPLIST_FILE = NimbusPagingScrollViewTests/Info.plist;
				LD_RUNPATH_SEARCH_PATHS = "$(inherited) @executable_path/Frameworks @loader_path/Frameworks";
				PRODUCT_NAME = "$(TARGET_NAME)";
				TEST_HOST = "$(BUILT_PRODUCTS_DIR)/NimbusPagingScrollView.app/NimbusPagingScrollView";
			};
			name = Debug;
		};
		C1F24AD51B02FC9B001BF5E9 /* Release */ = {
			isa = XCBuildConfiguration;
			buildSettings = {
				BUNDLE_LOADER = "$(TEST_HOST)";
				FRAMEWORK_SEARCH_PATHS = (
					"$(SDKROOT)/Developer/Library/Frameworks",
					"$(inherited)",
				);
				INFOPLIST_FILE = NimbusPagingScrollViewTests/Info.plist;
				LD_RUNPATH_SEARCH_PATHS = "$(inherited) @executable_path/Frameworks @loader_path/Frameworks";
				PRODUCT_NAME = "$(TARGET_NAME)";
				TEST_HOST = "$(BUILT_PRODUCTS_DIR)/NimbusPagingScrollView.app/NimbusPagingScrollView";
			};
			name = Release;
		};
/* End XCBuildConfiguration section */

/* Begin XCConfigurationList section */
		C1F24AA81B02FC9A001BF5E9 /* Build configuration list for PBXProject "NimbusPagingScrollView" */ = {
			isa = XCConfigurationList;
			buildConfigurations = (
				C1F24ACE1B02FC9B001BF5E9 /* Debug */,
				C1F24ACF1B02FC9B001BF5E9 /* Release */,
			);
			defaultConfigurationIsVisible = 0;
			defaultConfigurationName = Release;
		};
		C1F24AD01B02FC9B001BF5E9 /* Build configuration list for PBXNativeTarget "NimbusPagingScrollView" */ = {
			isa = XCConfigurationList;
			buildConfigurations = (
				C1F24AD11B02FC9B001BF5E9 /* Debug */,
				C1F24AD21B02FC9B001BF5E9 /* Release */,
			);
			defaultConfigurationIsVisible = 0;
		};
		C1F24AD31B02FC9B001BF5E9 /* Build configuration list for PBXNativeTarget "NimbusPagingScrollViewTests" */ = {
			isa = XCConfigurationList;
			buildConfigurations = (
				C1F24AD41B02FC9B001BF5E9 /* Debug */,
				C1F24AD51B02FC9B001BF5E9 /* Release */,
			);
			defaultConfigurationIsVisible = 0;
		};
/* End XCConfigurationList section */
	};
	rootObject = C1F24AA51B02FC9A001BF5E9 /* Project object */;
}
